// !$*UTF8*$!
{
	archiveVersion = 1;
	classes = {
	};
	objectVersion = 50;
	objects = {

/* Begin PBXBuildFile section */
		FCCFAEB422D8F9BC00844F07 /* AppDelegate.swift in Sources */ = {isa = PBXBuildFile; fileRef = FCCFAEB322D8F9BC00844F07 /* AppDelegate.swift */; };
		FCCFAEB622D8F9BC00844F07 /* SceneDelegate.swift in Sources */ = {isa = PBXBuildFile; fileRef = FCCFAEB522D8F9BC00844F07 /* SceneDelegate.swift */; };
		FCCFAEB822D8F9BC00844F07 /* ViewController.swift in Sources */ = {isa = PBXBuildFile; fileRef = FCCFAEB722D8F9BC00844F07 /* ViewController.swift */; };
		FCCFAEBB22D8F9BC00844F07 /* Main.storyboard in Resources */ = {isa = PBXBuildFile; fileRef = FCCFAEB922D8F9BC00844F07 /* Main.storyboard */; };
		FCCFAEBD22D8F9BF00844F07 /* Assets.xcassets in Resources */ = {isa = PBXBuildFile; fileRef = FCCFAEBC22D8F9BF00844F07 /* Assets.xcassets */; };
		FCCFAEC022D8F9BF00844F07 /* LaunchScreen.storyboard in Resources */ = {isa = PBXBuildFile; fileRef = FCCFAEBE22D8F9BF00844F07 /* LaunchScreen.storyboard */; };
/* End PBXBuildFile section */

/* Begin PBXFileReference section */
		FCCFAEB022D8F9BC00844F07 /* TimerProject.app */ = {isa = PBXFileReference; explicitFileType = wrapper.application; includeInIndex = 0; path = TimerProject.app; sourceTree = BUILT_PRODUCTS_DIR; };
		FCCFAEB322D8F9BC00844F07 /* AppDelegate.swift */ = {isa = PBXFileReference; lastKnownFileType = sourcecode.swift; path = AppDelegate.swift; sourceTree = "<group>"; };
		FCCFAEB522D8F9BC00844F07 /* SceneDelegate.swift */ = {isa = PBXFileReference; lastKnownFileType = sourcecode.swift; path = SceneDelegate.swift; sourceTree = "<group>"; };
		FCCFAEB722D8F9BC00844F07 /* ViewController.swift */ = {isa = PBXFileReference; lastKnownFileType = sourcecode.swift; path = ViewController.swift; sourceTree = "<group>"; };
		FCCFAEBA22D8F9BC00844F07 /* Base */ = {isa = PBXFileReference; lastKnownFileType = file.storyboard; name = Base; path = Base.lproj/Main.storyboard; sourceTree = "<group>"; };
		FCCFAEBC22D8F9BF00844F07 /* Assets.xcassets */ = {isa = PBXFileReference; lastKnownFileType = folder.assetcatalog; path = Assets.xcassets; sourceTree = "<group>"; };
		FCCFAEBF22D8F9BF00844F07 /* Base */ = {isa = PBXFileReference; lastKnownFileType = file.storyboard; name = Base; path = Base.lproj/LaunchScreen.storyboard; sourceTree = "<group>"; };
		FCCFAEC122D8F9BF00844F07 /* Info.plist */ = {isa = PBXFileReference; lastKnownFileType = text.plist.xml; path = Info.plist; sourceTree = "<group>"; };
/* End PBXFileReference section */

/* Begin PBXFrameworksBuildPhase section */
		FCCFAEAD22D8F9BC00844F07 /* Frameworks */ = {
			isa = PBXFrameworksBuildPhase;
			buildActionMask = 2147483647;
			files = (
			);
			runOnlyForDeploymentPostprocessing = 0;
		};
/* End PBXFrameworksBuildPhase section */

/* Begin PBXGroup section */
		FCCFAEA722D8F9BC00844F07 = {
			isa = PBXGroup;
			children = (
				FCCFAEB222D8F9BC00844F07 /* TimerProject */,
				FCCFAEB122D8F9BC00844F07 /* Products */,
			);
			sourceTree = "<group>";
		};
		FCCFAEB122D8F9BC00844F07 /* Products */ = {
			isa = PBXGroup;
			children = (
				FCCFAEB022D8F9BC00844F07 /* TimerProject.app */,
			);
			name = Products;
			sourceTree = "<group>";
		};
		FCCFAEB222D8F9BC00844F07 /* TimerProject */ = {
			isa = PBXGroup;
			children = (
				FCCFAEB322D8F9BC00844F07 /* AppDelegate.swift */,
				FCCFAEB522D8F9BC00844F07 /* SceneDelegate.swift */,
				FCCFAEB722D8F9BC00844F07 /* ViewController.swift */,
				FCCFAEB922D8F9BC00844F07 /* Main.storyboard */,
				FCCFAEBC22D8F9BF00844F07 /* Assets.xcassets */,
				FCCFAEBE22D8F9BF00844F07 /* LaunchScreen.storyboard */,
				FCCFAEC122D8F9BF00844F07 /* Info.plist */,
			);
			path = TimerProject;
			sourceTree = "<group>";
		};
/* End PBXGroup section */

/* Begin PBXNativeTarget section */
		FCCFAEAF22D8F9BC00844F07 /* TimerProject */ = {
			isa = PBXNativeTarget;
			buildConfigurationList = FCCFAEC422D8F9BF00844F07 /* Build configuration list for PBXNativeTarget "TimerProject" */;
			buildPhases = (
				FCCFAEAC22D8F9BC00844F07 /* Sources */,
				FCCFAEAD22D8F9BC00844F07 /* Frameworks */,
				FCCFAEAE22D8F9BC00844F07 /* Resources */,
			);
			buildRules = (
			);
			dependencies = (
			);
			name = TimerProject;
			productName = TimerProject;
			productReference = FCCFAEB022D8F9BC00844F07 /* TimerProject.app */;
			productType = "com.apple.product-type.application";
		};
/* End PBXNativeTarget section */

/* Begin PBXProject section */
		FCCFAEA822D8F9BC00844F07 /* Project object */ = {
			isa = PBXProject;
			attributes = {
				LastSwiftUpdateCheck = 1100;
				LastUpgradeCheck = 1100;
				ORGANIZATIONNAME = "Atil Samancioglu";
				TargetAttributes = {
					FCCFAEAF22D8F9BC00844F07 = {
						CreatedOnToolsVersion = 11.0;
					};
				};
			};
			buildConfigurationList = FCCFAEAB22D8F9BC00844F07 /* Build configuration list for PBXProject "TimerProject" */;
			compatibilityVersion = "Xcode 9.3";
			developmentRegion = en;
			hasScannedForEncodings = 0;
			knownRegions = (
				en,
				Base,
			);
			mainGroup = FCCFAEA722D8F9BC00844F07;
			productRefGroup = FCCFAEB122D8F9BC00844F07 /* Products */;
			projectDirPath = "";
			projectRoot = "";
			targets = (
				FCCFAEAF22D8F9BC00844F07 /* TimerProject */,
			);
		};
/* End PBXProject section */

/* Begin PBXResourcesBuildPhase section */
		FCCFAEAE22D8F9BC00844F07 /* Resources */ = {
			isa = PBXResourcesBuildPhase;
			buildActionMask = 2147483647;
			files = (
				FCCFAEC022D8F9BF00844F07 /* LaunchScreen.storyboard in Resources */,
				FCCFAEBD22D8F9BF00844F07 /* Assets.xcassets in Resources */,
				FCCFAEBB22D8F9BC00844F07 /* Main.storyboard in Resources */,
			);
			runOnlyForDeploymentPostprocessing = 0;
		};
/* End PBXResourcesBuildPhase section */

/* Begin PBXSourcesBuildPhase section */
		FCCFAEAC22D8F9BC00844F07 /* Sources */ = {
			isa = PBXSourcesBuildPhase;
			buildActionMask = 2147483647;
			files = (
				FCCFAEB822D8F9BC00844F07 /* ViewController.swift in Sources */,
				FCCFAEB422D8F9BC00844F07 /* AppDelegate.swift in Sources */,
				FCCFAEB622D8F9BC00844F07 /* SceneDelegate.swift in Sources */,
			);
			runOnlyForDeploymentPostprocessing = 0;
		};
/* End PBXSourcesBuildPhase section */

/* Begin PBXVariantGroup section */
		FCCFAEB922D8F9BC00844F07 /* Main.storyboard */ = {
			isa = PBXVariantGroup;
			children = (
				FCCFAEBA22D8F9BC00844F07 /* Base */,
			);
			name = Main.storyboard;
			sourceTree = "<group>";
		};
		FCCFAEBE22D8F9BF00844F07 /* LaunchScreen.storyboard */ = {
			isa = PBXVariantGroup;
			children = (
				FCCFAEBF22D8F9BF00844F07 /* Base */,
			);
			name = LaunchScreen.storyboard;
			sourceTree = "<group>";
		};
/* End PBXVariantGroup section */

/* Begin XCBuildConfiguration section */
		FCCFAEC222D8F9BF00844F07 /* Debug */ = {
			isa = XCBuildConfiguration;
			buildSettings = {
				ALWAYS_SEARCH_USER_PATHS = NO;
				CLANG_ANALYZER_NONNULL = YES;
				CLANG_ANALYZER_NUMBER_OBJECT_CONVERSION = YES_AGGRESSIVE;
				CLANG_CXX_LANGUAGE_STANDARD = "gnu++14";
				CLANG_CXX_LIBRARY = "libc++";
				CLANG_ENABLE_MODULES = YES;
				CLANG_ENABLE_OBJC_ARC = YES;
				CLANG_ENABLE_OBJC_WEAK = YES;
				CLANG_WARN_BLOCK_CAPTURE_AUTORELEASING = YES;
				CLANG_WARN_BOOL_CONVERSION = YES;
				CLANG_WARN_COMMA = YES;
				CLANG_WARN_CONSTANT_CONVERSION = YES;
				CLANG_WARN_DEPRECATED_OBJC_IMPLEMENTATIONS = YES;
				CLANG_WARN_DIRECT_OBJC_ISA_USAGE = YES_ERROR;
				CLANG_WARN_DOCUMENTATION_COMMENTS = YES;
				CLANG_WARN_EMPTY_BODY = YES;
				CLANG_WARN_ENUM_CONVERSION = YES;
				CLANG_WARN_INFINITE_RECURSION = YES;
				CLANG_WARN_INT_CONVERSION = YES;
				CLANG_WARN_NON_LITERAL_NULL_CONVERSION = YES;
				CLANG_WARN_OBJC_IMPLICIT_RETAIN_SELF = YES;
				CLANG_WARN_OBJC_LITERAL_CONVERSION = YES;
				CLANG_WARN_OBJC_ROOT_CLASS = YES_ERROR;
				CLANG_WARN_RANGE_LOOP_ANALYSIS = YES;
				CLANG_WARN_STRICT_PROTOTYPES = YES;
				CLANG_WARN_SUSPICIOUS_MOVE = YES;
				CLANG_WARN_UNGUARDED_AVAILABILITY = YES_AGGRESSIVE;
				CLANG_WARN_UNREACHABLE_CODE = YES;
				CLANG_WARN__DUPLICATE_METHOD_MATCH = YES;
				COPY_PHASE_STRIP = NO;
				DEBUG_INFORMATION_FORMAT = dwarf;
				ENABLE_STRICT_OBJC_MSGSEND = YES;
				ENABLE_TESTABILITY = YES;
				GCC_C_LANGUAGE_STANDARD = gnu11;
				GCC_DYNAMIC_NO_PIC = NO;
				GCC_NO_COMMON_BLOCKS = YES;
				GCC_OPTIMIZATION_LEVEL = 0;
				GCC_PREPROCESSOR_DEFINITIONS = (
					"DEBUG=1",
					"$(inherited)",
				);
				GCC_WARN_64_TO_32_BIT_CONVERSION = YES;
				GCC_WARN_ABOUT_RETURN_TYPE = YES_ERROR;
				GCC_WARN_UNDECLARED_SELECTOR = YES;
				GCC_WARN_UNINITIALIZED_AUTOS = YES_AGGRESSIVE;
				GCC_WARN_UNUSED_FUNCTION = YES;
				GCC_WARN_UNUSED_VARIABLE = YES;
				IPHONEOS_DEPLOYMENT_TARGET = 13.0;
				MTL_ENABLE_DEBUG_INFO = INCLUDE_SOURCE;
				MTL_FAST_MATH = YES;
				ONLY_ACTIVE_ARCH = YES;
				SDKROOT = iphoneos;
				SWIFT_ACTIVE_COMPILATION_CONDITIONS = DEBUG;
				SWIFT_OPTIMIZATION_LEVEL = "-Onone";
			};
			name = Debug;
		};
		FCCFAEC322D8F9BF00844F07 /* Release */ = {
			isa = XCBuildConfiguration;
			buildSettings = {
				ALWAYS_SEARCH_USER_PATHS = NO;
				CLANG_ANALYZER_NONNULL = YES;
				CLANG_ANALYZER_NUMBER_OBJECT_CONVERSION = YES_AGGRESSIVE;
				CLANG_CXX_LANGUAGE_STANDARD = "gnu++14";
				CLANG_CXX_LIBRARY = "libc++";
				CLANG_ENABLE_MODULES = YES;
				CLANG_ENABLE_OBJC_ARC = YES;
				CLANG_ENABLE_OBJC_WEAK = YES;
				CLANG_WARN_BLOCK_CAPTURE_AUTORELEASING = YES;
				CLANG_WARN_BOOL_CONVERSION = YES;
				CLANG_WARN_COMMA = YES;
				CLANG_WARN_CONSTANT_CONVERSION = YES;
				CLANG_WARN_DEPRECATED_OBJC_IMPLEMENTATIONS = YES;
				CLANG_WARN_DIRECT_OBJC_ISA_USAGE = YES_ERROR;
				CLANG_WARN_DOCUMENTATION_COMMENTS = YES;
				CLANG_WARN_EMPTY_BODY = YES;
				CLANG_WARN_ENUM_CONVERSION = YES;
				CLANG_WARN_INFINITE_RECURSION = YES;
				CLANG_WARN_INT_CONVERSION = YES;
				CLANG_WARN_NON_LITERAL_NULL_CONVERSION = YES;
				CLANG_WARN_OBJC_IMPLICIT_RETAIN_SELF = YES;
				CLANG_WARN_OBJC_LITERAL_CONVERSION = YES;
				CLANG_WARN_OBJC_ROOT_CLASS = YES_ERROR;
				CLANG_WARN_RANGE_LOOP_ANALYSIS = YES;
				CLANG_WARN_STRICT_PROTOTYPES = YES;
				CLANG_WARN_SUSPICIOUS_MOVE = YES;
				CLANG_WARN_UNGUARDED_AVAILABILITY = YES_AGGRESSIVE;
				CLANG_WARN_UNREACHABLE_CODE = YES;
				CLANG_WARN__DUPLICATE_METHOD_MATCH = YES;
				COPY_PHASE_STRIP = NO;
				DEBUG_INFORMATION_FORMAT = "dwarf-with-dsym";
				ENABLE_NS_ASSERTIONS = NO;
				ENABLE_STRICT_OBJC_MSGSEND = YES;
				GCC_C_LANGUAGE_STANDARD = gnu11;
				GCC_NO_COMMON_BLOCKS = YES;
				GCC_WARN_64_TO_32_BIT_CONVERSION = YES;
				GCC_WARN_ABOUT_RETURN_TYPE = YES_ERROR;
				GCC_WARN_UNDECLARED_SELECTOR = YES;
				GCC_WARN_UNINITIALIZED_AUTOS = YES_AGGRESSIVE;
				GCC_WARN_UNUSED_FUNCTION = YES;
				GCC_WARN_UNUSED_VARIABLE = YES;
				IPHONEOS_DEPLOYMENT_TARGET = 13.0;
				MTL_ENABLE_DEBUG_INFO = NO;
				MTL_FAST_MATH = YES;
				SDKROOT = iphoneos;
				SWIFT_COMPILATION_MODE = wholemodule;
				SWIFT_OPTIMIZATION_LEVEL = "-O";
				VALIDATE_PRODUCT = YES;
			};
			name = Release;
		};
		FCCFAEC522D8F9BF00844F07 /* Debug */ = {
			isa = XCBuildConfiguration;
			buildSettings = {
				ASSETCATALOG_COMPILER_APPICON_NAME = AppIcon;
				CODE_SIGN_STYLE = Automatic;
				DEVELOPMENT_TEAM = 7SH627DBA4;
				INFOPLIST_FILE = TimerProject/Info.plist;
				LD_RUNPATH_SEARCH_PATHS = (
					"$(inherited)",
					"@executable_path/Frameworks",
				);
				PRODUCT_BUNDLE_IDENTIFIER = com.atilsamancioglu.TimerProject;
				PRODUCT_NAME = "$(TARGET_NAME)";
				SWIFT_VERSION = 5.0;
				TARGETED_DEVICE_FAMILY = "1,2";
			};
			name = Debug;
		};
		FCCFAEC622D8F9BF00844F07 /* Release */ = {
			isa = XCBuildConfiguration;
			buildSettings = {
				ASSETCATALOG_COMPILER_APPICON_NAME = AppIcon;
				CODE_SIGN_STYLE = Automatic;
				DEVELOPMENT_TEAM = 7SH627DBA4;
				INFOPLIST_FILE = TimerProject/Info.plist;
				LD_RUNPATH_SEARCH_PATHS = (
					"$(inherited)",
					"@executable_path/Frameworks",
				);
				PRODUCT_BUNDLE_IDENTIFIER = com.atilsamancioglu.TimerProject;
				PRODUCT_NAME = "$(TARGET_NAME)";
				SWIFT_VERSION = 5.0;
				TARGETED_DEVICE_FAMILY = "1,2";
			};
			name = Release;
		};
/* End XCBuildConfiguration section */

/* Begin XCConfigurationList section */
		FCCFAEAB22D8F9BC00844F07 /* Build configuration list for PBXProject "TimerProject" */ = {
			isa = XCConfigurationList;
			buildConfigurations = (
				FCCFAEC222D8F9BF00844F07 /* Debug */,
				FCCFAEC322D8F9BF00844F07 /* Release */,
			);
			defaultConfigurationIsVisible = 0;
			defaultConfigurationName = Release;
		};
		FCCFAEC422D8F9BF00844F07 /* Build configuration list for PBXNativeTarget "TimerProject" */ = {
			isa = XCConfigurationList;
			buildConfigurations = (
				FCCFAEC522D8F9BF00844F07 /* Debug */,
				FCCFAEC622D8F9BF00844F07 /* Release */,
			);
			defaultConfigurationIsVisible = 0;
			defaultConfigurationName = Release;
		};
/* End XCConfigurationList section */
	};
	rootObject = FCCFAEA822D8F9BC00844F07 /* Project object */;
}
